
Microsoft Visual Studio Solution File, Format Version 12.00
# Visual Studio Version 17
VisualStudioVersion = 17.13.35919.96
MinimumVisualStudioVersion = 10.0.40219.1
Project("{FAE04EC0-301F-11D3-BF4B-00C04F79EFBC}") = "WebApi.Domain", "WebApi.Domain\WebApi.Domain.csproj", "{28DDC3F6-9BF7-4FD6-9BE7-8AE09DAA1AA4}"
EndProject
Project("{FAE04EC0-301F-11D3-BF4B-00C04F79EFBC}") = "WebApi.Application", "WebApi.Application\WebApi.Application.csproj", "{C472CD32-67FF-4E94-966A-1EBB82333231}"
EndProject
Project("{FAE04EC0-301F-11D3-BF4B-00C04F79EFBC}") = "WebApi.Infrastructure", "WebApi.Infrastructure\WebApi.Infrastructure.csproj", "{6F89DC1C-8FAB-424E-9E77-28A4220A3B29}"
EndProject
Project("{FAE04EC0-301F-11D3-BF4B-00C04F79EFBC}") = "WebApi.Web", "WebApi.Web\WebApi.Web.csproj", "{6B8B90C5-A72B-38F0-1371-6631C61F8002}"
EndProject
Project("{FAE04EC0-301F-11D3-BF4B-00C04F79EFBC}") = "WebApi.Application.Tests", "WebApi.Application.Tests\WebApi.Application.Tests.csproj", "{A97FEF75-25D7-48B1-9AA9-5B05E1309505}"
EndProject
Project("{FAE04EC0-301F-11D3-BF4B-00C04F79EFBC}") = "WebApi.Web.Tests", "WebApi.Web.Tests\WebApi.Web.Tests.csproj", "{8FC1E91F-C91E-4795-8D35-3D3EAC31C0B6}"
EndProject
Project("{FAE04EC0-301F-11D3-BF4B-00C04F79EFBC}") = "WebApi.Infrastructure.Tests", "WebApi.Infrastructure.Tests\WebApi.Infrastructure.Tests.csproj", "{DCEFFAFE-345F-4598-AB8F-595E76150B6B}"
EndProject
Global
	GlobalSection(SolutionConfigurationPlatforms) = preSolution
		Debug|Any CPU = Debug|Any CPU
		Release|Any CPU = Release|Any CPU
	EndGlobalSection
	GlobalSection(ProjectConfigurationPlatforms) = postSolution
		{28DDC3F6-9BF7-4FD6-9BE7-8AE09DAA1AA4}.Debug|Any CPU.ActiveCfg = Debug|Any CPU
		{28DDC3F6-9BF7-4FD6-9BE7-8AE09DAA1AA4}.Debug|Any CPU.Build.0 = Debug|Any CPU
		{28DDC3F6-9BF7-4FD6-9BE7-8AE09DAA1AA4}.Release|Any CPU.ActiveCfg = Release|Any CPU
		{28DDC3F6-9BF7-4FD6-9BE7-8AE09DAA1AA4}.Release|Any CPU.Build.0 = Release|Any CPU
		{C472CD32-67FF-4E94-966A-1EBB82333231}.Debug|Any CPU.ActiveCfg = Debug|Any CPU
		{C472CD32-67FF-4E94-966A-1EBB82333231}.Debug|Any CPU.Build.0 = Debug|Any CPU
		{C472CD32-67FF-4E94-966A-1EBB82333231}.Release|Any CPU.ActiveCfg = Release|Any CPU
		{C472CD32-67FF-4E94-966A-1EBB82333231}.Release|Any CPU.Build.0 = Release|Any CPU
		{6F89DC1C-8FAB-424E-9E77-28A4220A3B29}.Debug|Any CPU.ActiveCfg = Debug|Any CPU
		{6F89DC1C-8FAB-424E-9E77-28A4220A3B29}.Debug|Any CPU.Build.0 = Debug|Any CPU
		{6F89DC1C-8FAB-424E-9E77-28A4220A3B29}.Release|Any CPU.ActiveCfg = Release|Any CPU
		{6F89DC1C-8FAB-424E-9E77-28A4220A3B29}.Release|Any CPU.Build.0 = Release|Any CPU
		{6B8B90C5-A72B-38F0-1371-6631C61F8002}.Debug|Any CPU.ActiveCfg = Debug|Any CPU
		{6B8B90C5-A72B-38F0-1371-6631C61F8002}.Debug|Any CPU.Build.0 = Debug|Any CPU
		{6B8B90C5-A72B-38F0-1371-6631C61F8002}.Release|Any CPU.ActiveCfg = Release|Any CPU
		{6B8B90C5-A72B-38F0-1371-6631C61F8002}.Release|Any CPU.Build.0 = Release|Any CPU
		{A97FEF75-25D7-48B1-9AA9-5B05E1309505}.Debug|Any CPU.ActiveCfg = Debug|Any CPU
		{A97FEF75-25D7-48B1-9AA9-5B05E1309505}.Debug|Any CPU.Build.0 = Debug|Any CPU
		{A97FEF75-25D7-48B1-9AA9-5B05E1309505}.Release|Any CPU.ActiveCfg = Release|Any CPU
		{A97FEF75-25D7-48B1-9AA9-5B05E1309505}.Release|Any CPU.Build.0 = Release|Any CPU
		{8FC1E91F-C91E-4795-8D35-3D3EAC31C0B6}.Debug|Any CPU.ActiveCfg = Debug|Any CPU
		{8FC1E91F-C91E-4795-8D35-3D3EAC31C0B6}.Debug|Any CPU.Build.0 = Debug|Any CPU
		{8FC1E91F-C91E-4795-8D35-3D3EAC31C0B6}.Release|Any CPU.ActiveCfg = Release|Any CPU
		{8FC1E91F-C91E-4795-8D35-3D3EAC31C0B6}.Release|Any CPU.Build.0 = Release|Any CPU
		{DCEFFAFE-345F-4598-AB8F-595E76150B6B}.Debug|Any CPU.ActiveCfg = Debug|Any CPU
		{DCEFFAFE-345F-4598-AB8F-595E76150B6B}.Debug|Any CPU.Build.0 = Debug|Any CPU
		{DCEFFAFE-345F-4598-AB8F-595E76150B6B}.Release|Any CPU.ActiveCfg = Release|Any CPU
		{DCEFFAFE-345F-4598-AB8F-595E76150B6B}.Release|Any CPU.Build.0 = Release|Any CPU
	EndGlobalSection
	GlobalSection(SolutionProperties) = preSolution
		HideSolutionNode = FALSE
	EndGlobalSection
	GlobalSection(ExtensibilityGlobals) = postSolution
		SolutionGuid = {765DCA64-2A9E-4C26-875F-1C4C083C66F5}
	EndGlobalSection
EndGlobal
